
Microsoft Visual Studio Solution File, Format Version 10.00
# Visual Studio 2008
Project("{8BC9CEB8-8B4A-11D0-8D11-00A0C91BC942}") = "TriScatteredInterp", "TriScatteredInterp.vcproj", "{CD2464B4-0621-479D-9CBD-D00C78C30F0E}"
EndProject
Global
	GlobalSection(SolutionConfigurationPlatforms) = preSolution
		Deb_241|Win32 = Deb_241|Win32
		Deb_241x64|Win32 = Deb_241x64|Win32
		Debug_241|Win32 = Debug_241|Win32
		Debug|Win32 = Debug|Win32
		Debug-OCV-24|Win32 = Debug-OCV-24|Win32
		Rel_241|Win32 = Rel_241|Win32
		Release|Win32 = Release|Win32
	EndGlobalSection
	GlobalSection(ProjectConfigurationPlatforms) = postSolution
		{CD2464B4-0621-479D-9CBD-D00C78C30F0E}.Deb_241|Win32.ActiveCfg = Deb_241|Win32
		{CD2464B4-0621-479D-9CBD-D00C78C30F0E}.Deb_241|Win32.Build.0 = Deb_241|Win32
		{CD2464B4-0621-479D-9CBD-D00C78C30F0E}.Deb_241x64|Win32.ActiveCfg = Deb_241x64|Win32
		{CD2464B4-0621-479D-9CBD-D00C78C30F0E}.Deb_241x64|Win32.Build.0 = Deb_241x64|Win32
		{CD2464B4-0621-479D-9CBD-D00C78C30F0E}.Debug_241|Win32.ActiveCfg = Debug_241|Win32
		{CD2464B4-0621-479D-9CBD-D00C78C30F0E}.Debug_241|Win32.Build.0 = Debug_241|Win32
		{CD2464B4-0621-479D-9CBD-D00C78C30F0E}.Debug|Win32.ActiveCfg = Debug|Win32
		{CD2464B4-0621-479D-9CBD-D00C78C30F0E}.Debug|Win32.Build.0 = Debug|Win32
		{CD2464B4-0621-479D-9CBD-D00C78C30F0E}.Debug-OCV-24|Win32.ActiveCfg = Debug-OCV-24|Win32
		{CD2464B4-0621-479D-9CBD-D00C78C30F0E}.Debug-OCV-24|Win32.Build.0 = Debug-OCV-24|Win32
		{CD2464B4-0621-479D-9CBD-D00C78C30F0E}.Rel_241|Win32.ActiveCfg = Rel_241|Win32
		{CD2464B4-0621-479D-9CBD-D00C78C30F0E}.Rel_241|Win32.Build.0 = Rel_241|Win32
		{CD2464B4-0621-479D-9CBD-D00C78C30F0E}.Release|Win32.ActiveCfg = Release|Win32
		{CD2464B4-0621-479D-9CBD-D00C78C30F0E}.Release|Win32.Build.0 = Release|Win32
	EndGlobalSection
	GlobalSection(SolutionProperties) = preSolution
		HideSolutionNode = FALSE
	EndGlobalSection
EndGlobal
